
Microsoft Visual Studio Solution File, Format Version 12.00
# Visual Studio Version 17
VisualStudioVersion = 17.7.34202.233
MinimumVisualStudioVersion = 10.0.40219.1
Project("{FAE04EC0-301F-11D3-BF4B-00C04F79EFBC}") = "OAUTH2Proyecto1", "OAUTH2Proyecto1\OAUTH2Proyecto1.csproj", "{9FFEE8AD-FF1E-490E-9D98-50822E7CE86B}"
EndProject
Global
	GlobalSection(SolutionConfigurationPlatforms) = preSolution
		Debug|Any CPU = Debug|Any CPU
		Release|Any CPU = Release|Any CPU
	EndGlobalSection
	GlobalSection(ProjectConfigurationPlatforms) = postSolution
		{9FFEE8AD-FF1E-490E-9D98-50822E7CE86B}.Debug|Any CPU.ActiveCfg = Debug|Any CPU
		{9FFEE8AD-FF1E-490E-9D98-50822E7CE86B}.Debug|Any CPU.Build.0 = Debug|Any CPU
		{9FFEE8AD-FF1E-490E-9D98-50822E7CE86B}.Release|Any CPU.ActiveCfg = Release|Any CPU
		{9FFEE8AD-FF1E-490E-9D98-50822E7CE86B}.Release|Any CPU.Build.0 = Release|Any CPU
	EndGlobalSection
	GlobalSection(SolutionProperties) = preSolution
		HideSolutionNode = FALSE
	EndGlobalSection
	GlobalSection(ExtensibilityGlobals) = postSolution
		SolutionGuid = {2AFEDEAB-EC62-421D-82F1-D10D73DF934F}
	EndGlobalSection
EndGlobal
