
Microsoft Visual Studio Solution File, Format Version 12.00
# Visual Studio Version 17
VisualStudioVersion = 17.7.34202.233
MinimumVisualStudioVersion = 10.0.40219.1
Project("{FAE04EC0-301F-11D3-BF4B-00C04F79EFBC}") = "InterfaceArticulo", "InterfaceArticulo\InterfaceArticulo.csproj", "{AB4D870A-D199-478C-B265-854F4727F48D}"
EndProject
Global
	GlobalSection(SolutionConfigurationPlatforms) = preSolution
		Debug|Any CPU = Debug|Any CPU
		Release|Any CPU = Release|Any CPU
	EndGlobalSection
	GlobalSection(ProjectConfigurationPlatforms) = postSolution
		{AB4D870A-D199-478C-B265-854F4727F48D}.Debug|Any CPU.ActiveCfg = Debug|Any CPU
		{AB4D870A-D199-478C-B265-854F4727F48D}.Debug|Any CPU.Build.0 = Debug|Any CPU
		{AB4D870A-D199-478C-B265-854F4727F48D}.Release|Any CPU.ActiveCfg = Release|Any CPU
		{AB4D870A-D199-478C-B265-854F4727F48D}.Release|Any CPU.Build.0 = Release|Any CPU
	EndGlobalSection
	GlobalSection(SolutionProperties) = preSolution
		HideSolutionNode = FALSE
	EndGlobalSection
	GlobalSection(ExtensibilityGlobals) = postSolution
		SolutionGuid = {EDFF434C-A468-4742-B1DE-B6984F643B52}
	EndGlobalSection
EndGlobal
